// !$*UTF8*$!
{
	archiveVersion = 1;
	classes = {
	};
	objectVersion = 56;
	objects = {

/* Begin PBXBuildFile section */
		3519BABE2A61424200F47BAA /* MRTApp.swift in Sources */ = {isa = PBXBuildFile; fileRef = 3519BABD2A61424200F47BAA /* MRTApp.swift */; };
		3519BAC02A61424200F47BAA /* ContentView.swift in Sources */ = {isa = PBXBuildFile; fileRef = 3519BABF2A61424200F47BAA /* ContentView.swift */; };
		3519BAC22A61424300F47BAA /* Assets.xcassets in Resources */ = {isa = PBXBuildFile; fileRef = 3519BAC12A61424300F47BAA /* Assets.xcassets */; };
		3519BAC52A61424300F47BAA /* Preview Assets.xcassets in Resources */ = {isa = PBXBuildFile; fileRef = 3519BAC42A61424300F47BAA /* Preview Assets.xcassets */; };
		3519BACC2A6146EA00F47BAA /* BottomSheetView.swift in Sources */ = {isa = PBXBuildFile; fileRef = 3519BACB2A6146EA00F47BAA /* BottomSheetView.swift */; };
		35D5E69E2A62FD69002E4F13 /* ShortCut.swift in Sources */ = {isa = PBXBuildFile; fileRef = 35D5E69D2A62FD69002E4F13 /* ShortCut.swift */; };
		35D5E6B82A65860D002E4F13 /* HistoryView.swift in Sources */ = {isa = PBXBuildFile; fileRef = 35D5E6B72A65860D002E4F13 /* HistoryView.swift */; };
		35D5E6BA2A658626002E4F13 /* ProfileView.swift in Sources */ = {isa = PBXBuildFile; fileRef = 35D5E6B92A658626002E4F13 /* ProfileView.swift */; };
		35D5E6BC2A65869B002E4F13 /* HomeView.swift in Sources */ = {isa = PBXBuildFile; fileRef = 35D5E6BB2A65869B002E4F13 /* HomeView.swift */; };
		D6C5A86F2A692BB900832EA9 /* AlarmManager.swift in Sources */ = {isa = PBXBuildFile; fileRef = D6C5A86E2A692BB900832EA9 /* AlarmManager.swift */; };
		D6C5A8712A692BC300832EA9 /* DetectorManager.swift in Sources */ = {isa = PBXBuildFile; fileRef = D6C5A8702A692BC300832EA9 /* DetectorManager.swift */; };
		D6C5A8732A692EA300832EA9 /* GateData.swift in Sources */ = {isa = PBXBuildFile; fileRef = D6C5A8722A692EA300832EA9 /* GateData.swift */; };
		D6C5A8752A697C6F00832EA9 /* BluetoothStatus.swift in Sources */ = {isa = PBXBuildFile; fileRef = D6C5A8742A697C6F00832EA9 /* BluetoothStatus.swift */; };
/* End PBXBuildFile section */

/* Begin PBXFileReference section */
		3519BABA2A61424200F47BAA /* MRT.app */ = {isa = PBXFileReference; explicitFileType = wrapper.application; includeInIndex = 0; path = MRT.app; sourceTree = BUILT_PRODUCTS_DIR; };
		3519BABD2A61424200F47BAA /* MRTApp.swift */ = {isa = PBXFileReference; lastKnownFileType = sourcecode.swift; path = MRTApp.swift; sourceTree = "<group>"; };
		3519BABF2A61424200F47BAA /* ContentView.swift */ = {isa = PBXFileReference; lastKnownFileType = sourcecode.swift; path = ContentView.swift; sourceTree = "<group>"; };
		3519BAC12A61424300F47BAA /* Assets.xcassets */ = {isa = PBXFileReference; lastKnownFileType = folder.assetcatalog; path = Assets.xcassets; sourceTree = "<group>"; };
		3519BAC42A61424300F47BAA /* Preview Assets.xcassets */ = {isa = PBXFileReference; lastKnownFileType = folder.assetcatalog; path = "Preview Assets.xcassets"; sourceTree = "<group>"; };
		3519BACB2A6146EA00F47BAA /* BottomSheetView.swift */ = {isa = PBXFileReference; lastKnownFileType = sourcecode.swift; path = BottomSheetView.swift; sourceTree = "<group>"; };
		3519BAD12A615BD800F47BAA /* Info.plist */ = {isa = PBXFileReference; lastKnownFileType = text.plist; path = Info.plist; sourceTree = "<group>"; };
		35D5E69D2A62FD69002E4F13 /* ShortCut.swift */ = {isa = PBXFileReference; lastKnownFileType = sourcecode.swift; path = ShortCut.swift; sourceTree = "<group>"; };
		35D5E6B72A65860D002E4F13 /* HistoryView.swift */ = {isa = PBXFileReference; lastKnownFileType = sourcecode.swift; path = HistoryView.swift; sourceTree = "<group>"; };
		35D5E6B92A658626002E4F13 /* ProfileView.swift */ = {isa = PBXFileReference; lastKnownFileType = sourcecode.swift; path = ProfileView.swift; sourceTree = "<group>"; };
		35D5E6BB2A65869B002E4F13 /* HomeView.swift */ = {isa = PBXFileReference; lastKnownFileType = sourcecode.swift; path = HomeView.swift; sourceTree = "<group>"; };
		D6C5A86E2A692BB900832EA9 /* AlarmManager.swift */ = {isa = PBXFileReference; lastKnownFileType = sourcecode.swift; path = AlarmManager.swift; sourceTree = "<group>"; };
		D6C5A8702A692BC300832EA9 /* DetectorManager.swift */ = {isa = PBXFileReference; lastKnownFileType = sourcecode.swift; path = DetectorManager.swift; sourceTree = "<group>"; };
		D6C5A8722A692EA300832EA9 /* GateData.swift */ = {isa = PBXFileReference; lastKnownFileType = sourcecode.swift; path = GateData.swift; sourceTree = "<group>"; };
		D6C5A8742A697C6F00832EA9 /* BluetoothStatus.swift */ = {isa = PBXFileReference; lastKnownFileType = sourcecode.swift; path = BluetoothStatus.swift; sourceTree = "<group>"; };
/* End PBXFileReference section */

/* Begin PBXFrameworksBuildPhase section */
		3519BAB72A61424200F47BAA /* Frameworks */ = {
			isa = PBXFrameworksBuildPhase;
			buildActionMask = 2147483647;
			files = (
			);
			runOnlyForDeploymentPostprocessing = 0;
		};
/* End PBXFrameworksBuildPhase section */

/* Begin PBXGroup section */
		3519BAB12A61424200F47BAA = {
			isa = PBXGroup;
			children = (
				3519BABC2A61424200F47BAA /* MRT */,
				3519BABB2A61424200F47BAA /* Products */,
			);
			sourceTree = "<group>";
		};
		3519BABB2A61424200F47BAA /* Products */ = {
			isa = PBXGroup;
			children = (
				3519BABA2A61424200F47BAA /* MRT.app */,
			);
			name = Products;
			sourceTree = "<group>";
		};
		3519BABC2A61424200F47BAA /* MRT */ = {
			isa = PBXGroup;
			children = (
				3519BAD12A615BD800F47BAA /* Info.plist */,
				35D5E6BB2A65869B002E4F13 /* HomeView.swift */,
				35D5E6B92A658626002E4F13 /* ProfileView.swift */,
				35D5E6B72A65860D002E4F13 /* HistoryView.swift */,
				35D5E69D2A62FD69002E4F13 /* ShortCut.swift */,
				3519BABD2A61424200F47BAA /* MRTApp.swift */,
				3519BABF2A61424200F47BAA /* ContentView.swift */,
				3519BACB2A6146EA00F47BAA /* BottomSheetView.swift */,
				D6C5A86E2A692BB900832EA9 /* AlarmManager.swift */,
				D6C5A8702A692BC300832EA9 /* DetectorManager.swift */,
				3519BAC12A61424300F47BAA /* Assets.xcassets */,
				3519BAC32A61424300F47BAA /* Preview Content */,
				D6C5A8722A692EA300832EA9 /* GateData.swift */,
				D6C5A8742A697C6F00832EA9 /* BluetoothStatus.swift */,
			);
			path = MRT;
			sourceTree = "<group>";
		};
		3519BAC32A61424300F47BAA /* Preview Content */ = {
			isa = PBXGroup;
			children = (
				3519BAC42A61424300F47BAA /* Preview Assets.xcassets */,
			);
			path = "Preview Content";
			sourceTree = "<group>";
		};
/* End PBXGroup section */

/* Begin PBXNativeTarget section */
		3519BAB92A61424200F47BAA /* MRT */ = {
			isa = PBXNativeTarget;
			buildConfigurationList = 3519BAC82A61424300F47BAA /* Build configuration list for PBXNativeTarget "MRT" */;
			buildPhases = (
				3519BAB62A61424200F47BAA /* Sources */,
				3519BAB72A61424200F47BAA /* Frameworks */,
				3519BAB82A61424200F47BAA /* Resources */,
			);
			buildRules = (
			);
			dependencies = (
			);
			name = MRT;
			productName = MRT;
			productReference = 3519BABA2A61424200F47BAA /* MRT.app */;
			productType = "com.apple.product-type.application";
		};
/* End PBXNativeTarget section */

/* Begin PBXProject section */
		3519BAB22A61424200F47BAA /* Project object */ = {
			isa = PBXProject;
			attributes = {
				BuildIndependentTargetsInParallel = 1;
				LastSwiftUpdateCheck = 1430;
				LastUpgradeCheck = 1430;
				TargetAttributes = {
					3519BAB92A61424200F47BAA = {
						CreatedOnToolsVersion = 14.3;
					};
				};
			};
			buildConfigurationList = 3519BAB52A61424200F47BAA /* Build configuration list for PBXProject "MRT" */;
			compatibilityVersion = "Xcode 14.0";
			developmentRegion = en;
			hasScannedForEncodings = 0;
			knownRegions = (
				en,
				Base,
			);
			mainGroup = 3519BAB12A61424200F47BAA;
			productRefGroup = 3519BABB2A61424200F47BAA /* Products */;
			projectDirPath = "";
			projectRoot = "";
			targets = (
				3519BAB92A61424200F47BAA /* MRT */,
			);
		};
/* End PBXProject section */

/* Begin PBXResourcesBuildPhase section */
		3519BAB82A61424200F47BAA /* Resources */ = {
			isa = PBXResourcesBuildPhase;
			buildActionMask = 2147483647;
			files = (
				3519BAC52A61424300F47BAA /* Preview Assets.xcassets in Resources */,
				3519BAC22A61424300F47BAA /* Assets.xcassets in Resources */,
			);
			runOnlyForDeploymentPostprocessing = 0;
		};
/* End PBXResourcesBuildPhase section */

/* Begin PBXSourcesBuildPhase section */
		3519BAB62A61424200F47BAA /* Sources */ = {
			isa = PBXSourcesBuildPhase;
			buildActionMask = 2147483647;
			files = (
				D6C5A8732A692EA300832EA9 /* GateData.swift in Sources */,
				3519BAC02A61424200F47BAA /* ContentView.swift in Sources */,
				35D5E6B82A65860D002E4F13 /* HistoryView.swift in Sources */,
				35D5E69E2A62FD69002E4F13 /* ShortCut.swift in Sources */,
				3519BABE2A61424200F47BAA /* MRTApp.swift in Sources */,
				35D5E6BC2A65869B002E4F13 /* HomeView.swift in Sources */,
				D6C5A8752A697C6F00832EA9 /* BluetoothStatus.swift in Sources */,
				D6C5A8712A692BC300832EA9 /* DetectorManager.swift in Sources */,
				D6C5A86F2A692BB900832EA9 /* AlarmManager.swift in Sources */,
				35D5E6BA2A658626002E4F13 /* ProfileView.swift in Sources */,
				3519BACC2A6146EA00F47BAA /* BottomSheetView.swift in Sources */,
			);
			runOnlyForDeploymentPostprocessing = 0;
		};
/* End PBXSourcesBuildPhase section */

/* Begin XCBuildConfiguration section */
		3519BAC62A61424300F47BAA /* Debug */ = {
			isa = XCBuildConfiguration;
			buildSettings = {
				ALWAYS_SEARCH_USER_PATHS = NO;
				CLANG_ANALYZER_NONNULL = YES;
				CLANG_ANALYZER_NUMBER_OBJECT_CONVERSION = YES_AGGRESSIVE;
				CLANG_CXX_LANGUAGE_STANDARD = "gnu++20";
				CLANG_ENABLE_MODULES = YES;
				CLANG_ENABLE_OBJC_ARC = YES;
				CLANG_ENABLE_OBJC_WEAK = YES;
				CLANG_WARN_BLOCK_CAPTURE_AUTORELEASING = YES;
				CLANG_WARN_BOOL_CONVERSION = YES;
				CLANG_WARN_COMMA = YES;
				CLANG_WARN_CONSTANT_CONVERSION = YES;
				CLANG_WARN_DEPRECATED_OBJC_IMPLEMENTATIONS = YES;
				CLANG_WARN_DIRECT_OBJC_ISA_USAGE = YES_ERROR;
				CLANG_WARN_DOCUMENTATION_COMMENTS = YES;
				CLANG_WARN_EMPTY_BODY = YES;
				CLANG_WARN_ENUM_CONVERSION = YES;
				CLANG_WARN_INFINITE_RECURSION = YES;
				CLANG_WARN_INT_CONVERSION = YES;
				CLANG_WARN_NON_LITERAL_NULL_CONVERSION = YES;
				CLANG_WARN_OBJC_IMPLICIT_RETAIN_SELF = YES;
				CLANG_WARN_OBJC_LITERAL_CONVERSION = YES;
				CLANG_WARN_OBJC_ROOT_CLASS = YES_ERROR;
				CLANG_WARN_QUOTED_INCLUDE_IN_FRAMEWORK_HEADER = YES;
				CLANG_WARN_RANGE_LOOP_ANALYSIS = YES;
				CLANG_WARN_STRICT_PROTOTYPES = YES;
				CLANG_WARN_SUSPICIOUS_MOVE = YES;
				CLANG_WARN_UNGUARDED_AVAILABILITY = YES_AGGRESSIVE;
				CLANG_WARN_UNREACHABLE_CODE = YES;
				CLANG_WARN__DUPLICATE_METHOD_MATCH = YES;
				COPY_PHASE_STRIP = NO;
				DEBUG_INFORMATION_FORMAT = dwarf;
				ENABLE_STRICT_OBJC_MSGSEND = YES;
				ENABLE_TESTABILITY = YES;
				GCC_C_LANGUAGE_STANDARD = gnu11;
				GCC_DYNAMIC_NO_PIC = NO;
				GCC_NO_COMMON_BLOCKS = YES;
				GCC_OPTIMIZATION_LEVEL = 0;
				GCC_PREPROCESSOR_DEFINITIONS = (
					"DEBUG=1",
					"$(inherited)",
				);
				GCC_WARN_64_TO_32_BIT_CONVERSION = YES;
				GCC_WARN_ABOUT_RETURN_TYPE = YES_ERROR;
				GCC_WARN_UNDECLARED_SELECTOR = YES;
				GCC_WARN_UNINITIALIZED_AUTOS = YES_AGGRESSIVE;
				GCC_WARN_UNUSED_FUNCTION = YES;
				GCC_WARN_UNUSED_VARIABLE = YES;
				IPHONEOS_DEPLOYMENT_TARGET = 16.4;
				MTL_ENABLE_DEBUG_INFO = INCLUDE_SOURCE;
				MTL_FAST_MATH = YES;
				ONLY_ACTIVE_ARCH = YES;
				SDKROOT = iphoneos;
				SWIFT_ACTIVE_COMPILATION_CONDITIONS = DEBUG;
				SWIFT_OPTIMIZATION_LEVEL = "-Onone";
			};
			name = Debug;
		};
		3519BAC72A61424300F47BAA /* Release */ = {
			isa = XCBuildConfiguration;
			buildSettings = {
				ALWAYS_SEARCH_USER_PATHS = NO;
				CLANG_ANALYZER_NONNULL = YES;
				CLANG_ANALYZER_NUMBER_OBJECT_CONVERSION = YES_AGGRESSIVE;
				CLANG_CXX_LANGUAGE_STANDARD = "gnu++20";
				CLANG_ENABLE_MODULES = YES;
				CLANG_ENABLE_OBJC_ARC = YES;
				CLANG_ENABLE_OBJC_WEAK = YES;
				CLANG_WARN_BLOCK_CAPTURE_AUTORELEASING = YES;
				CLANG_WARN_BOOL_CONVERSION = YES;
				CLANG_WARN_COMMA = YES;
				CLANG_WARN_CONSTANT_CONVERSION = YES;
				CLANG_WARN_DEPRECATED_OBJC_IMPLEMENTATIONS = YES;
				CLANG_WARN_DIRECT_OBJC_ISA_USAGE = YES_ERROR;
				CLANG_WARN_DOCUMENTATION_COMMENTS = YES;
				CLANG_WARN_EMPTY_BODY = YES;
				CLANG_WARN_ENUM_CONVERSION = YES;
				CLANG_WARN_INFINITE_RECURSION = YES;
				CLANG_WARN_INT_CONVERSION = YES;
				CLANG_WARN_NON_LITERAL_NULL_CONVERSION = YES;
				CLANG_WARN_OBJC_IMPLICIT_RETAIN_SELF = YES;
				CLANG_WARN_OBJC_LITERAL_CONVERSION = YES;
				CLANG_WARN_OBJC_ROOT_CLASS = YES_ERROR;
				CLANG_WARN_QUOTED_INCLUDE_IN_FRAMEWORK_HEADER = YES;
				CLANG_WARN_RANGE_LOOP_ANALYSIS = YES;
				CLANG_WARN_STRICT_PROTOTYPES = YES;
				CLANG_WARN_SUSPICIOUS_MOVE = YES;
				CLANG_WARN_UNGUARDED_AVAILABILITY = YES_AGGRESSIVE;
				CLANG_WARN_UNREACHABLE_CODE = YES;
				CLANG_WARN__DUPLICATE_METHOD_MATCH = YES;
				COPY_PHASE_STRIP = NO;
				DEBUG_INFORMATION_FORMAT = "dwarf-with-dsym";
				ENABLE_NS_ASSERTIONS = NO;
				ENABLE_STRICT_OBJC_MSGSEND = YES;
				GCC_C_LANGUAGE_STANDARD = gnu11;
				GCC_NO_COMMON_BLOCKS = YES;
				GCC_WARN_64_TO_32_BIT_CONVERSION = YES;
				GCC_WARN_ABOUT_RETURN_TYPE = YES_ERROR;
				GCC_WARN_UNDECLARED_SELECTOR = YES;
				GCC_WARN_UNINITIALIZED_AUTOS = YES_AGGRESSIVE;
				GCC_WARN_UNUSED_FUNCTION = YES;
				GCC_WARN_UNUSED_VARIABLE = YES;
				IPHONEOS_DEPLOYMENT_TARGET = 16.4;
				MTL_ENABLE_DEBUG_INFO = NO;
				MTL_FAST_MATH = YES;
				SDKROOT = iphoneos;
				SWIFT_COMPILATION_MODE = wholemodule;
				SWIFT_OPTIMIZATION_LEVEL = "-O";
				VALIDATE_PRODUCT = YES;
			};
			name = Release;
		};
		3519BAC92A61424300F47BAA /* Debug */ = {
			isa = XCBuildConfiguration;
			buildSettings = {
				ASSETCATALOG_COMPILER_APPICON_NAME = AppIcon;
				ASSETCATALOG_COMPILER_GLOBAL_ACCENT_COLOR_NAME = AccentColor;
				CODE_SIGN_STYLE = Automatic;
				CURRENT_PROJECT_VERSION = 1;
				DEVELOPMENT_ASSET_PATHS = "\"MRT/Preview Content\"";
				DEVELOPMENT_TEAM = T872JMS8WL;
				ENABLE_PREVIEWS = YES;
				GENERATE_INFOPLIST_FILE = YES;
				INFOPLIST_FILE = MRT/Info.plist;
				INFOPLIST_KEY_NSBluetoothAlwaysUsageDescription = "";
				INFOPLIST_KEY_NSLocationWhenInUseUsageDescription = "";
				INFOPLIST_KEY_UIApplicationSceneManifest_Generation = YES;
				INFOPLIST_KEY_UIApplicationSupportsIndirectInputEvents = YES;
				INFOPLIST_KEY_UILaunchScreen_Generation = YES;
				INFOPLIST_KEY_UISupportedInterfaceOrientations_iPad = "UIInterfaceOrientationPortrait UIInterfaceOrientationPortraitUpsideDown UIInterfaceOrientationLandscapeLeft UIInterfaceOrientationLandscapeRight";
				INFOPLIST_KEY_UISupportedInterfaceOrientations_iPhone = "UIInterfaceOrientationPortrait UIInterfaceOrientationLandscapeLeft UIInterfaceOrientationLandscapeRight";
				LD_RUNPATH_SEARCH_PATHS = (
					"$(inherited)",
					"@executable_path/Frameworks",
				);
				MARKETING_VERSION = 1.0;
				PRODUCT_BUNDLE_IDENTIFIER = RSS.MRT;
				PRODUCT_NAME = "$(TARGET_NAME)";
				SWIFT_EMIT_LOC_STRINGS = YES;
				SWIFT_VERSION = 5.0;
				TARGETED_DEVICE_FAMILY = "1,2";
			};
			name = Debug;
		};
		3519BACA2A61424300F47BAA /* Release */ = {
			isa = XCBuildConfiguration;
			buildSettings = {
				ASSETCATALOG_COMPILER_APPICON_NAME = AppIcon;
				ASSETCATALOG_COMPILER_GLOBAL_ACCENT_COLOR_NAME = AccentColor;
				CODE_SIGN_STYLE = Automatic;
				CURRENT_PROJECT_VERSION = 1;
				DEVELOPMENT_ASSET_PATHS = "\"MRT/Preview Content\"";
				DEVELOPMENT_TEAM = T872JMS8WL;
				ENABLE_PREVIEWS = YES;
				GENERATE_INFOPLIST_FILE = YES;
				INFOPLIST_FILE = MRT/Info.plist;
				INFOPLIST_KEY_NSBluetoothAlwaysUsageDescription = "";
				INFOPLIST_KEY_NSLocationWhenInUseUsageDescription = "";
				INFOPLIST_KEY_UIApplicationSceneManifest_Generation = YES;
				INFOPLIST_KEY_UIApplicationSupportsIndirectInputEvents = YES;
				INFOPLIST_KEY_UILaunchScreen_Generation = YES;
				INFOPLIST_KEY_UISupportedInterfaceOrientations_iPad = "UIInterfaceOrientationPortrait UIInterfaceOrientationPortraitUpsideDown UIInterfaceOrientationLandscapeLeft UIInterfaceOrientationLandscapeRight";
				INFOPLIST_KEY_UISupportedInterfaceOrientations_iPhone = "UIInterfaceOrientationPortrait UIInterfaceOrientationLandscapeLeft UIInterfaceOrientationLandscapeRight";
				LD_RUNPATH_SEARCH_PATHS = (
					"$(inherited)",
					"@executable_path/Frameworks",
				);
				MARKETING_VERSION = 1.0;
				PRODUCT_BUNDLE_IDENTIFIER = RSS.MRT;
				PRODUCT_NAME = "$(TARGET_NAME)";
				SWIFT_EMIT_LOC_STRINGS = YES;
				SWIFT_VERSION = 5.0;
				TARGETED_DEVICE_FAMILY = "1,2";
			};
			name = Release;
		};
/* End XCBuildConfiguration section */

/* Begin XCConfigurationList section */
		3519BAB52A61424200F47BAA /* Build configuration list for PBXProject "MRT" */ = {
			isa = XCConfigurationList;
			buildConfigurations = (
				3519BAC62A61424300F47BAA /* Debug */,
				3519BAC72A61424300F47BAA /* Release */,
			);
			defaultConfigurationIsVisible = 0;
			defaultConfigurationName = Release;
		};
		3519BAC82A61424300F47BAA /* Build configuration list for PBXNativeTarget "MRT" */ = {
			isa = XCConfigurationList;
			buildConfigurations = (
				3519BAC92A61424300F47BAA /* Debug */,
				3519BACA2A61424300F47BAA /* Release */,
			);
			defaultConfigurationIsVisible = 0;
			defaultConfigurationName = Release;
		};
/* End XCConfigurationList section */
	};
	rootObject = 3519BAB22A61424200F47BAA /* Project object */;
}
